// !$*UTF8*$!
{
	archiveVersion = 1;
	classes = {
	};
	objectVersion = 48;
	objects = {

/* Begin PBXBuildFile section */
		C1B1CF991FC83FCD0052FF7C /* AppDelegate.swift in Sources */ = {isa = PBXBuildFile; fileRef = C1B1CF981FC83FCD0052FF7C /* AppDelegate.swift */; };
		C1B1CF9B1FC83FCD0052FF7C /* ViewController.swift in Sources */ = {isa = PBXBuildFile; fileRef = C1B1CF9A1FC83FCD0052FF7C /* ViewController.swift */; };
		C1B1CF9E1FC83FCD0052FF7C /* Main.storyboard in Resources */ = {isa = PBXBuildFile; fileRef = C1B1CF9C1FC83FCD0052FF7C /* Main.storyboard */; };
		C1B1CFA01FC83FCD0052FF7C /* Assets.xcassets in Resources */ = {isa = PBXBuildFile; fileRef = C1B1CF9F1FC83FCD0052FF7C /* Assets.xcassets */; };
		C1B1CFA31FC83FCD0052FF7C /* LaunchScreen.storyboard in Resources */ = {isa = PBXBuildFile; fileRef = C1B1CFA11FC83FCD0052FF7C /* LaunchScreen.storyboard */; };
/* End PBXBuildFile section */

/* Begin PBXFileReference section */
		C1B1CF951FC83FCD0052FF7C /* SwipeSegueSample.app */ = {isa = PBXFileReference; explicitFileType = wrapper.application; includeInIndex = 0; path = SwipeSegueSample.app; sourceTree = BUILT_PRODUCTS_DIR; };
		C1B1CF981FC83FCD0052FF7C /* AppDelegate.swift */ = {isa = PBXFileReference; lastKnownFileType = sourcecode.swift; path = AppDelegate.swift; sourceTree = "<group>"; };
		C1B1CF9A1FC83FCD0052FF7C /* ViewController.swift */ = {isa = PBXFileReference; lastKnownFileType = sourcecode.swift; path = ViewController.swift; sourceTree = "<group>"; };
		C1B1CF9D1FC83FCD0052FF7C /* Base */ = {isa = PBXFileReference; lastKnownFileType = file.storyboard; name = Base; path = Base.lproj/Main.storyboard; sourceTree = "<group>"; };
		C1B1CF9F1FC83FCD0052FF7C /* Assets.xcassets */ = {isa = PBXFileReference; lastKnownFileType = folder.assetcatalog; path = Assets.xcassets; sourceTree = "<group>"; };
		C1B1CFA21FC83FCD0052FF7C /* Base */ = {isa = PBXFileReference; lastKnownFileType = file.storyboard; name = Base; path = Base.lproj/LaunchScreen.storyboard; sourceTree = "<group>"; };
		C1B1CFA41FC83FCD0052FF7C /* Info.plist */ = {isa = PBXFileReference; lastKnownFileType = text.plist.xml; path = Info.plist; sourceTree = "<group>"; };
/* End PBXFileReference section */

/* Begin PBXFrameworksBuildPhase section */
		C1B1CF921FC83FCD0052FF7C /* Frameworks */ = {
			isa = PBXFrameworksBuildPhase;
			buildActionMask = 2147483647;
			files = (
			);
			runOnlyForDeploymentPostprocessing = 0;
		};
/* End PBXFrameworksBuildPhase section */

/* Begin PBXGroup section */
		C1B1CF8C1FC83FCD0052FF7C = {
			isa = PBXGroup;
			children = (
				C1B1CF971FC83FCD0052FF7C /* SwipeSegueSample */,
				C1B1CF961FC83FCD0052FF7C /* Products */,
			);
			sourceTree = "<group>";
		};
		C1B1CF961FC83FCD0052FF7C /* Products */ = {
			isa = PBXGroup;
			children = (
				C1B1CF951FC83FCD0052FF7C /* SwipeSegueSample.app */,
			);
			name = Products;
			sourceTree = "<group>";
		};
		C1B1CF971FC83FCD0052FF7C /* SwipeSegueSample */ = {
			isa = PBXGroup;
			children = (
				C1B1CF981FC83FCD0052FF7C /* AppDelegate.swift */,
				C1B1CF9A1FC83FCD0052FF7C /* ViewController.swift */,
				C1B1CF9C1FC83FCD0052FF7C /* Main.storyboard */,
				C1B1CF9F1FC83FCD0052FF7C /* Assets.xcassets */,
				C1B1CFA11FC83FCD0052FF7C /* LaunchScreen.storyboard */,
				C1B1CFA41FC83FCD0052FF7C /* Info.plist */,
			);
			path = SwipeSegueSample;
			sourceTree = "<group>";
		};
/* End PBXGroup section */

/* Begin PBXNativeTarget section */
		C1B1CF941FC83FCD0052FF7C /* SwipeSegueSample */ = {
			isa = PBXNativeTarget;
			buildConfigurationList = C1B1CFA71FC83FCD0052FF7C /* Build configuration list for PBXNativeTarget "SwipeSegueSample" */;
			buildPhases = (
				C1B1CF911FC83FCD0052FF7C /* Sources */,
				C1B1CF921FC83FCD0052FF7C /* Frameworks */,
				C1B1CF931FC83FCD0052FF7C /* Resources */,
			);
			buildRules = (
			);
			dependencies = (
			);
			name = SwipeSegueSample;
			productName = SwipeSegueSample;
			productReference = C1B1CF951FC83FCD0052FF7C /* SwipeSegueSample.app */;
			productType = "com.apple.product-type.application";
		};
/* End PBXNativeTarget section */

/* Begin PBXProject section */
		C1B1CF8D1FC83FCD0052FF7C /* Project object */ = {
			isa = PBXProject;
			attributes = {
				LastSwiftUpdateCheck = 0910;
				LastUpgradeCheck = 0910;
				ORGANIZATIONNAME = TakaoAtsushi;
				TargetAttributes = {
					C1B1CF941FC83FCD0052FF7C = {
						CreatedOnToolsVersion = 9.1;
						ProvisioningStyle = Automatic;
					};
				};
			};
			buildConfigurationList = C1B1CF901FC83FCD0052FF7C /* Build configuration list for PBXProject "SwipeSegueSample" */;
			compatibilityVersion = "Xcode 8.0";
			developmentRegion = en;
			hasScannedForEncodings = 0;
			knownRegions = (
				en,
				Base,
			);
			mainGroup = C1B1CF8C1FC83FCD0052FF7C;
			productRefGroup = C1B1CF961FC83FCD0052FF7C /* Products */;
			projectDirPath = "";
			projectRoot = "";
			targets = (
				C1B1CF941FC83FCD0052FF7C /* SwipeSegueSample */,
			);
		};
/* End PBXProject section */

/* Begin PBXResourcesBuildPhase section */
		C1B1CF931FC83FCD0052FF7C /* Resources */ = {
			isa = PBXResourcesBuildPhase;
			buildActionMask = 2147483647;
			files = (
				C1B1CFA31FC83FCD0052FF7C /* LaunchScreen.storyboard in Resources */,
				C1B1CFA01FC83FCD0052FF7C /* Assets.xcassets in Resources */,
				C1B1CF9E1FC83FCD0052FF7C /* Main.storyboard in Resources */,
			);
			runOnlyForDeploymentPostprocessing = 0;
		};
/* End PBXResourcesBuildPhase section */

/* Begin PBXSourcesBuildPhase section */
		C1B1CF911FC83FCD0052FF7C /* Sources */ = {
			isa = PBXSourcesBuildPhase;
			buildActionMask = 2147483647;
			files = (
				C1B1CF9B1FC83FCD0052FF7C /* ViewController.swift in Sources */,
				C1B1CF991FC83FCD0052FF7C /* AppDelegate.swift in Sources */,
			);
			runOnlyForDeploymentPostprocessing = 0;
		};
/* End PBXSourcesBuildPhase section */

/* Begin PBXVariantGroup section */
		C1B1CF9C1FC83FCD0052FF7C /* Main.storyboard */ = {
			isa = PBXVariantGroup;
			children = (
				C1B1CF9D1FC83FCD0052FF7C /* Base */,
			);
			name = Main.storyboard;
			sourceTree = "<group>";
		};
		C1B1CFA11FC83FCD0052FF7C /* LaunchScreen.storyboard */ = {
			isa = PBXVariantGroup;
			children = (
				C1B1CFA21FC83FCD0052FF7C /* Base */,
			);
			name = LaunchScreen.storyboard;
			sourceTree = "<group>";
		};
/* End PBXVariantGroup section */

/* Begin XCBuildConfiguration section */
		C1B1CFA51FC83FCD0052FF7C /* Debug */ = {
			isa = XCBuildConfiguration;
			buildSettings = {
				ALWAYS_SEARCH_USER_PATHS = NO;
				CLANG_ANALYZER_NONNULL = YES;
				CLANG_ANALYZER_NUMBER_OBJECT_CONVERSION = YES_AGGRESSIVE;
				CLANG_CXX_LANGUAGE_STANDARD = "gnu++14";
				CLANG_CXX_LIBRARY = "libc++";
				CLANG_ENABLE_MODULES = YES;
				CLANG_ENABLE_OBJC_ARC = YES;
				CLANG_WARN_BLOCK_CAPTURE_AUTORELEASING = YES;
				CLANG_WARN_BOOL_CONVERSION = YES;
				CLANG_WARN_COMMA = YES;
				CLANG_WARN_CONSTANT_CONVERSION = YES;
				CLANG_WARN_DIRECT_OBJC_ISA_USAGE = YES_ERROR;
				CLANG_WARN_DOCUMENTATION_COMMENTS = YES;
				CLANG_WARN_EMPTY_BODY = YES;
				CLANG_WARN_ENUM_CONVERSION = YES;
				CLANG_WARN_INFINITE_RECURSION = YES;
				CLANG_WARN_INT_CONVERSION = YES;
				CLANG_WARN_NON_LITERAL_NULL_CONVERSION = YES;
				CLANG_WARN_OBJC_LITERAL_CONVERSION = YES;
				CLANG_WARN_OBJC_ROOT_CLASS = YES_ERROR;
				CLANG_WARN_RANGE_LOOP_ANALYSIS = YES;
				CLANG_WARN_STRICT_PROTOTYPES = YES;
				CLANG_WARN_SUSPICIOUS_MOVE = YES;
				CLANG_WARN_UNGUARDED_AVAILABILITY = YES_AGGRESSIVE;
				CLANG_WARN_UNREACHABLE_CODE = YES;
				CLANG_WARN__DUPLICATE_METHOD_MATCH = YES;
				CODE_SIGN_IDENTITY = "iPhone Developer";
				COPY_PHASE_STRIP = NO;
				DEBUG_INFORMATION_FORMAT = dwarf;
				ENABLE_STRICT_OBJC_MSGSEND = YES;
				ENABLE_TESTABILITY = YES;
				GCC_C_LANGUAGE_STANDARD = gnu11;
				GCC_DYNAMIC_NO_PIC = NO;
				GCC_NO_COMMON_BLOCKS = YES;
				GCC_OPTIMIZATION_LEVEL = 0;
				GCC_PREPROCESSOR_DEFINITIONS = (
					"DEBUG=1",
					"$(inherited)",
				);
				GCC_WARN_64_TO_32_BIT_CONVERSION = YES;
				GCC_WARN_ABOUT_RETURN_TYPE = YES_ERROR;
				GCC_WARN_UNDECLARED_SELECTOR = YES;
				GCC_WARN_UNINITIALIZED_AUTOS = YES_AGGRESSIVE;
				GCC_WARN_UNUSED_FUNCTION = YES;
				GCC_WARN_UNUSED_VARIABLE = YES;
				IPHONEOS_DEPLOYMENT_TARGET = 11.1;
				MTL_ENABLE_DEBUG_INFO = YES;
				ONLY_ACTIVE_ARCH = YES;
				SDKROOT = iphoneos;
				SWIFT_ACTIVE_COMPILATION_CONDITIONS = DEBUG;
				SWIFT_OPTIMIZATION_LEVEL = "-Onone";
			};
			name = Debug;
		};
		C1B1CFA61FC83FCD0052FF7C /* Release */ = {
			isa = XCBuildConfiguration;
			buildSettings = {
				ALWAYS_SEARCH_USER_PATHS = NO;
				CLANG_ANALYZER_NONNULL = YES;
				CLANG_ANALYZER_NUMBER_OBJECT_CONVERSION = YES_AGGRESSIVE;
				CLANG_CXX_LANGUAGE_STANDARD = "gnu++14";
				CLANG_CXX_LIBRARY = "libc++";
				CLANG_ENABLE_MODULES = YES;
				CLANG_ENABLE_OBJC_ARC = YES;
				CLANG_WARN_BLOCK_CAPTURE_AUTORELEASING = YES;
				CLANG_WARN_BOOL_CONVERSION = YES;
				CLANG_WARN_COMMA = YES;
				CLANG_WARN_CONSTANT_CONVERSION = YES;
				CLANG_WARN_DIRECT_OBJC_ISA_USAGE = YES_ERROR;
				CLANG_WARN_DOCUMENTATION_COMMENTS = YES;
				CLANG_WARN_EMPTY_BODY = YES;
				CLANG_WARN_ENUM_CONVERSION = YES;
				CLANG_WARN_INFINITE_RECURSION = YES;
				CLANG_WARN_INT_CONVERSION = YES;
				CLANG_WARN_NON_LITERAL_NULL_CONVERSION = YES;
				CLANG_WARN_OBJC_LITERAL_CONVERSION = YES;
				CLANG_WARN_OBJC_ROOT_CLASS = YES_ERROR;
				CLANG_WARN_RANGE_LOOP_ANALYSIS = YES;
				CLANG_WARN_STRICT_PROTOTYPES = YES;
				CLANG_WARN_SUSPICIOUS_MOVE = YES;
				CLANG_WARN_UNGUARDED_AVAILABILITY = YES_AGGRESSIVE;
				CLANG_WARN_UNREACHABLE_CODE = YES;
				CLANG_WARN__DUPLICATE_METHOD_MATCH = YES;
				CODE_SIGN_IDENTITY = "iPhone Developer";
				COPY_PHASE_STRIP = NO;
				DEBUG_INFORMATION_FORMAT = "dwarf-with-dsym";
				ENABLE_NS_ASSERTIONS = NO;
				ENABLE_STRICT_OBJC_MSGSEND = YES;
				GCC_C_LANGUAGE_STANDARD = gnu11;
				GCC_NO_COMMON_BLOCKS = YES;
				GCC_WARN_64_TO_32_BIT_CONVERSION = YES;
				GCC_WARN_ABOUT_RETURN_TYPE = YES_ERROR;
				GCC_WARN_UNDECLARED_SELECTOR = YES;
				GCC_WARN_UNINITIALIZED_AUTOS = YES_AGGRESSIVE;
				GCC_WARN_UNUSED_FUNCTION = YES;
				GCC_WARN_UNUSED_VARIABLE = YES;
				IPHONEOS_DEPLOYMENT_TARGET = 11.1;
				MTL_ENABLE_DEBUG_INFO = NO;
				SDKROOT = iphoneos;
				SWIFT_OPTIMIZATION_LEVEL = "-Owholemodule";
				VALIDATE_PRODUCT = YES;
			};
			name = Release;
		};
		C1B1CFA81FC83FCD0052FF7C /* Debug */ = {
			isa = XCBuildConfiguration;
			buildSettings = {
				ASSETCATALOG_COMPILER_APPICON_NAME = AppIcon;
				CODE_SIGN_STYLE = Automatic;
				DEVELOPMENT_TEAM = 3E76788VZ5;
				INFOPLIST_FILE = SwipeSegueSample/Info.plist;
				LD_RUNPATH_SEARCH_PATHS = "$(inherited) @executable_path/Frameworks";
				PRODUCT_BUNDLE_IDENTIFIER = com.TakaoAtsushi.SwipeSegueSample;
				PRODUCT_NAME = "$(TARGET_NAME)";
				SWIFT_VERSION = 4.0;
				TARGETED_DEVICE_FAMILY = "1,2";
			};
			name = Debug;
		};
		C1B1CFA91FC83FCD0052FF7C /* Release */ = {
			isa = XCBuildConfiguration;
			buildSettings = {
				ASSETCATALOG_COMPILER_APPICON_NAME = AppIcon;
				CODE_SIGN_STYLE = Automatic;
				DEVELOPMENT_TEAM = 3E76788VZ5;
				INFOPLIST_FILE = SwipeSegueSample/Info.plist;
				LD_RUNPATH_SEARCH_PATHS = "$(inherited) @executable_path/Frameworks";
				PRODUCT_BUNDLE_IDENTIFIER = com.TakaoAtsushi.SwipeSegueSample;
				PRODUCT_NAME = "$(TARGET_NAME)";
				SWIFT_VERSION = 4.0;
				TARGETED_DEVICE_FAMILY = "1,2";
			};
			name = Release;
		};
/* End XCBuildConfiguration section */

/* Begin XCConfigurationList section */
		C1B1CF901FC83FCD0052FF7C /* Build configuration list for PBXProject "SwipeSegueSample" */ = {
			isa = XCConfigurationList;
			buildConfigurations = (
				C1B1CFA51FC83FCD0052FF7C /* Debug */,
				C1B1CFA61FC83FCD0052FF7C /* Release */,
			);
			defaultConfigurationIsVisible = 0;
			defaultConfigurationName = Release;
		};
		C1B1CFA71FC83FCD0052FF7C /* Build configuration list for PBXNativeTarget "SwipeSegueSample" */ = {
			isa = XCConfigurationList;
			buildConfigurations = (
				C1B1CFA81FC83FCD0052FF7C /* Debug */,
				C1B1CFA91FC83FCD0052FF7C /* Release */,
			);
			defaultConfigurationIsVisible = 0;
			defaultConfigurationName = Release;
		};
/* End XCConfigurationList section */
	};
	rootObject = C1B1CF8D1FC83FCD0052FF7C /* Project object */;
}
